
Microsoft Visual Studio Solution File, Format Version 12.00
# Visual Studio Version 16
VisualStudioVersion = 16.0.35826.135
MinimumVisualStudioVersion = 10.0.40219.1
Project("{8BC9CEB8-8B4A-11D0-8D11-00A0C91BC942}") = "ALL_BUILD", "ALL_BUILD.vcxproj", "{1BBFD4F0-8AA0-33D4-9405-51368ED564CD}"
	ProjectSection(ProjectDependencies) = postProject
		{3E93E7B2-5510-32FD-B8AD-5D8D55E64A33} = {3E93E7B2-5510-32FD-B8AD-5D8D55E64A33}
		{545EE8F0-1522-379D-8533-605DB15EAAC8} = {545EE8F0-1522-379D-8533-605DB15EAAC8}
		{76AF7445-43EF-3163-AE4A-E79881C79A46} = {76AF7445-43EF-3163-AE4A-E79881C79A46}
		{5E0F5CAA-2449-33C0-9BBE-4176B60BC704} = {5E0F5CAA-2449-33C0-9BBE-4176B60BC704}
	EndProjectSection
EndProject
Project("{8BC9CEB8-8B4A-11D0-8D11-00A0C91BC942}") = "BulletCollision", "src\BulletCollision\BulletCollision.vcxproj", "{3E93E7B2-5510-32FD-B8AD-5D8D55E64A33}"
	ProjectSection(ProjectDependencies) = postProject
		{5E0F5CAA-2449-33C0-9BBE-4176B60BC704} = {5E0F5CAA-2449-33C0-9BBE-4176B60BC704}
	EndProjectSection
EndProject
Project("{8BC9CEB8-8B4A-11D0-8D11-00A0C91BC942}") = "BulletDynamics", "src\BulletDynamics\BulletDynamics.vcxproj", "{545EE8F0-1522-379D-8533-605DB15EAAC8}"
	ProjectSection(ProjectDependencies) = postProject
		{5E0F5CAA-2449-33C0-9BBE-4176B60BC704} = {5E0F5CAA-2449-33C0-9BBE-4176B60BC704}
	EndProjectSection
EndProject
Project("{8BC9CEB8-8B4A-11D0-8D11-00A0C91BC942}") = "INSTALL", "INSTALL.vcxproj", "{31702BD9-29F5-39A4-97AB-55B158E01EA0}"
	ProjectSection(ProjectDependencies) = postProject
		{1BBFD4F0-8AA0-33D4-9405-51368ED564CD} = {1BBFD4F0-8AA0-33D4-9405-51368ED564CD}
		{5E0F5CAA-2449-33C0-9BBE-4176B60BC704} = {5E0F5CAA-2449-33C0-9BBE-4176B60BC704}
	EndProjectSection
EndProject
Project("{8BC9CEB8-8B4A-11D0-8D11-00A0C91BC942}") = "LinearMath", "src\LinearMath\LinearMath.vcxproj", "{76AF7445-43EF-3163-AE4A-E79881C79A46}"
	ProjectSection(ProjectDependencies) = postProject
		{5E0F5CAA-2449-33C0-9BBE-4176B60BC704} = {5E0F5CAA-2449-33C0-9BBE-4176B60BC704}
	EndProjectSection
EndProject
Project("{8BC9CEB8-8B4A-11D0-8D11-00A0C91BC942}") = "RUN_TESTS", "RUN_TESTS.vcxproj", "{B5253E76-DB44-3064-919F-D9CB0EEF267E}"
	ProjectSection(ProjectDependencies) = postProject
		{5E0F5CAA-2449-33C0-9BBE-4176B60BC704} = {5E0F5CAA-2449-33C0-9BBE-4176B60BC704}
	EndProjectSection
EndProject
Project("{8BC9CEB8-8B4A-11D0-8D11-00A0C91BC942}") = "ZERO_CHECK", "ZERO_CHECK.vcxproj", "{5E0F5CAA-2449-33C0-9BBE-4176B60BC704}"
EndProject
Global
	GlobalSection(SolutionConfigurationPlatforms) = preSolution
		Debug|Win32 = Debug|Win32
		MinSizeRel|Win32 = MinSizeRel|Win32
		Release|Win32 = Release|Win32
		RelWithDebInfo|Win32 = RelWithDebInfo|Win32
	EndGlobalSection
	GlobalSection(ProjectConfigurationPlatforms) = postSolution
		{1BBFD4F0-8AA0-33D4-9405-51368ED564CD}.Debug|Win32.ActiveCfg = Debug|Win32
		{1BBFD4F0-8AA0-33D4-9405-51368ED564CD}.Debug|Win32.Build.0 = Debug|Win32
		{1BBFD4F0-8AA0-33D4-9405-51368ED564CD}.MinSizeRel|Win32.ActiveCfg = MinSizeRel|Win32
		{1BBFD4F0-8AA0-33D4-9405-51368ED564CD}.MinSizeRel|Win32.Build.0 = MinSizeRel|Win32
		{1BBFD4F0-8AA0-33D4-9405-51368ED564CD}.Release|Win32.ActiveCfg = Release|Win32
		{1BBFD4F0-8AA0-33D4-9405-51368ED564CD}.Release|Win32.Build.0 = Release|Win32
		{1BBFD4F0-8AA0-33D4-9405-51368ED564CD}.RelWithDebInfo|Win32.ActiveCfg = RelWithDebInfo|Win32
		{1BBFD4F0-8AA0-33D4-9405-51368ED564CD}.RelWithDebInfo|Win32.Build.0 = RelWithDebInfo|Win32
		{3E93E7B2-5510-32FD-B8AD-5D8D55E64A33}.Debug|Win32.ActiveCfg = Debug|Win32
		{3E93E7B2-5510-32FD-B8AD-5D8D55E64A33}.Debug|Win32.Build.0 = Debug|Win32
		{3E93E7B2-5510-32FD-B8AD-5D8D55E64A33}.MinSizeRel|Win32.ActiveCfg = MinSizeRel|Win32
		{3E93E7B2-5510-32FD-B8AD-5D8D55E64A33}.MinSizeRel|Win32.Build.0 = MinSizeRel|Win32
		{3E93E7B2-5510-32FD-B8AD-5D8D55E64A33}.Release|Win32.ActiveCfg = Release|Win32
		{3E93E7B2-5510-32FD-B8AD-5D8D55E64A33}.Release|Win32.Build.0 = Release|Win32
		{3E93E7B2-5510-32FD-B8AD-5D8D55E64A33}.RelWithDebInfo|Win32.ActiveCfg = RelWithDebInfo|Win32
		{3E93E7B2-5510-32FD-B8AD-5D8D55E64A33}.RelWithDebInfo|Win32.Build.0 = RelWithDebInfo|Win32
		{545EE8F0-1522-379D-8533-605DB15EAAC8}.Debug|Win32.ActiveCfg = Debug|Win32
		{545EE8F0-1522-379D-8533-605DB15EAAC8}.Debug|Win32.Build.0 = Debug|Win32
		{545EE8F0-1522-379D-8533-605DB15EAAC8}.MinSizeRel|Win32.ActiveCfg = MinSizeRel|Win32
		{545EE8F0-1522-379D-8533-605DB15EAAC8}.MinSizeRel|Win32.Build.0 = MinSizeRel|Win32
		{545EE8F0-1522-379D-8533-605DB15EAAC8}.Release|Win32.ActiveCfg = Release|Win32
		{545EE8F0-1522-379D-8533-605DB15EAAC8}.Release|Win32.Build.0 = Release|Win32
		{545EE8F0-1522-379D-8533-605DB15EAAC8}.RelWithDebInfo|Win32.ActiveCfg = RelWithDebInfo|Win32
		{545EE8F0-1522-379D-8533-605DB15EAAC8}.RelWithDebInfo|Win32.Build.0 = RelWithDebInfo|Win32
		{31702BD9-29F5-39A4-97AB-55B158E01EA0}.Debug|Win32.ActiveCfg = Debug|Win32
		{31702BD9-29F5-39A4-97AB-55B158E01EA0}.MinSizeRel|Win32.ActiveCfg = MinSizeRel|Win32
		{31702BD9-29F5-39A4-97AB-55B158E01EA0}.Release|Win32.ActiveCfg = Release|Win32
		{31702BD9-29F5-39A4-97AB-55B158E01EA0}.RelWithDebInfo|Win32.ActiveCfg = RelWithDebInfo|Win32
		{76AF7445-43EF-3163-AE4A-E79881C79A46}.Debug|Win32.ActiveCfg = Debug|Win32
		{76AF7445-43EF-3163-AE4A-E79881C79A46}.Debug|Win32.Build.0 = Debug|Win32
		{76AF7445-43EF-3163-AE4A-E79881C79A46}.MinSizeRel|Win32.ActiveCfg = MinSizeRel|Win32
		{76AF7445-43EF-3163-AE4A-E79881C79A46}.MinSizeRel|Win32.Build.0 = MinSizeRel|Win32
		{76AF7445-43EF-3163-AE4A-E79881C79A46}.Release|Win32.ActiveCfg = Release|Win32
		{76AF7445-43EF-3163-AE4A-E79881C79A46}.Release|Win32.Build.0 = Release|Win32
		{76AF7445-43EF-3163-AE4A-E79881C79A46}.RelWithDebInfo|Win32.ActiveCfg = RelWithDebInfo|Win32
		{76AF7445-43EF-3163-AE4A-E79881C79A46}.RelWithDebInfo|Win32.Build.0 = RelWithDebInfo|Win32
		{B5253E76-DB44-3064-919F-D9CB0EEF267E}.Debug|Win32.ActiveCfg = Debug|Win32
		{B5253E76-DB44-3064-919F-D9CB0EEF267E}.MinSizeRel|Win32.ActiveCfg = MinSizeRel|Win32
		{B5253E76-DB44-3064-919F-D9CB0EEF267E}.Release|Win32.ActiveCfg = Release|Win32
		{B5253E76-DB44-3064-919F-D9CB0EEF267E}.RelWithDebInfo|Win32.ActiveCfg = RelWithDebInfo|Win32
		{5E0F5CAA-2449-33C0-9BBE-4176B60BC704}.Debug|Win32.ActiveCfg = Debug|Win32
		{5E0F5CAA-2449-33C0-9BBE-4176B60BC704}.Debug|Win32.Build.0 = Debug|Win32
		{5E0F5CAA-2449-33C0-9BBE-4176B60BC704}.MinSizeRel|Win32.ActiveCfg = MinSizeRel|Win32
		{5E0F5CAA-2449-33C0-9BBE-4176B60BC704}.MinSizeRel|Win32.Build.0 = MinSizeRel|Win32
		{5E0F5CAA-2449-33C0-9BBE-4176B60BC704}.Release|Win32.ActiveCfg = Release|Win32
		{5E0F5CAA-2449-33C0-9BBE-4176B60BC704}.Release|Win32.Build.0 = Release|Win32
		{5E0F5CAA-2449-33C0-9BBE-4176B60BC704}.RelWithDebInfo|Win32.ActiveCfg = RelWithDebInfo|Win32
		{5E0F5CAA-2449-33C0-9BBE-4176B60BC704}.RelWithDebInfo|Win32.Build.0 = RelWithDebInfo|Win32
	EndGlobalSection
	GlobalSection(SolutionProperties) = preSolution
		HideSolutionNode = FALSE
	EndGlobalSection
	GlobalSection(ExtensibilityGlobals) = postSolution
		SolutionGuid = {CEAC0BAB-5D06-3D45-8F78-001B8D6F37A2}
	EndGlobalSection
EndGlobal
